
Microsoft Visual Studio Solution File, Format Version 12.00
# Visual Studio Version 16
VisualStudioVersion = 16.0.28803.352
MinimumVisualStudioVersion = 10.0.40219.1
Project("{FAE04EC0-301F-11D3-BF4B-00C04F79EFBC}") = "WebApiDemo", "WebApiDemo\WebApiDemo.csproj", "{46C75BDD-B505-4D57-A765-CCDD441374CB}"
EndProject
Global
	GlobalSection(SolutionConfigurationPlatforms) = preSolution
		Debug|Any CPU = Debug|Any CPU
		Release|Any CPU = Release|Any CPU
	EndGlobalSection
	GlobalSection(ProjectConfigurationPlatforms) = postSolution
		{46C75BDD-B505-4D57-A765-CCDD441374CB}.Debug|Any CPU.ActiveCfg = Debug|Any CPU
		{46C75BDD-B505-4D57-A765-CCDD441374CB}.Debug|Any CPU.Build.0 = Debug|Any CPU
		{46C75BDD-B505-4D57-A765-CCDD441374CB}.Release|Any CPU.ActiveCfg = Release|Any CPU
		{46C75BDD-B505-4D57-A765-CCDD441374CB}.Release|Any CPU.Build.0 = Release|Any CPU
	EndGlobalSection
	GlobalSection(SolutionProperties) = preSolution
		HideSolutionNode = FALSE
	EndGlobalSection
	GlobalSection(ExtensibilityGlobals) = postSolution
		SolutionGuid = {F84FFC1D-FA49-46E7-AF5C-C0D7E286B84D}
	EndGlobalSection
EndGlobal
